
Microsoft Visual Studio Solution File, Format Version 12.00
# Visual Studio Version 17
VisualStudioVersion = 17.4.33110.190
MinimumVisualStudioVersion = 10.0.40219.1
Project("{2150E333-8FDC-42A3-9474-1A3956D46DE8}") = "Catalog", "Catalog", "{BE14B005-9EC8-4B1C-BA33-7DE1094CC9AC}"
EndProject
Project("{9A19103F-16F7-4668-BE54-9A1E7A4F7556}") = "Catalog.Host", "Catalog\Catalog.Host\Catalog.Host.csproj", "{64E0EBA5-4596-4867-90B8-FCAF9F7DAE78}"
EndProject
Project("{2150E333-8FDC-42A3-9474-1A3956D46DE8}") = "Solution Items", "Solution Items", "{CCCF4B19-755A-46F9-9847-02158B4B1F37}"
	ProjectSection(SolutionItems) = preProject
		.dockerignore = .dockerignore
		.gitignore = .gitignore
		docker-compose.yml = docker-compose.yml
		settings.ruleset = settings.ruleset
	EndProjectSection
EndProject
Project("{2150E333-8FDC-42A3-9474-1A3956D46DE8}") = "Proxy", "Proxy", "{1B6A9030-3B65-4AF1-8C66-2CD07F75A567}"
EndProject
Project("{2150E333-8FDC-42A3-9474-1A3956D46DE8}") = "Web", "Web", "{660B4C8F-2C0B-4382-821D-C3D50FA08A15}"
EndProject
Project("{2150E333-8FDC-42A3-9474-1A3956D46DE8}") = "IdentityServer", "IdentityServer", "{7B9F7A53-8AE6-41A3-856B-E54BE12CC0FF}"
EndProject
Project("{2150E333-8FDC-42A3-9474-1A3956D46DE8}") = "Infrastructure", "Infrastructure", "{4DBE887E-E738-47CA-96B8-6E01D33D5B09}"
EndProject
Project("{9A19103F-16F7-4668-BE54-9A1E7A4F7556}") = "Infrastructure", "Infrastructure\Infrastructure\Infrastructure.csproj", "{55C73A77-1904-46A3-98B0-3DE57EB940A3}"
EndProject
Project("{9A19103F-16F7-4668-BE54-9A1E7A4F7556}") = "Infrastructure.UnitTests", "Infrastructure\Infrastructure.UnitTests\Infrastructure.UnitTests.csproj", "{81488495-0C14-45ED-BDF5-B4D417110BEE}"
EndProject
Project("{9A19103F-16F7-4668-BE54-9A1E7A4F7556}") = "Catalog.UnitTests", "Catalog\Catalog.UnitTests\Catalog.UnitTests.csproj", "{BAE7AECC-CB3B-435B-96A1-A05DCE25E1CA}"
EndProject
Project("{9A19103F-16F7-4668-BE54-9A1E7A4F7556}") = "IdentityServer", "IdentityServer\IdentityServer\IdentityServer.csproj", "{8746764E-AA54-4D06-9156-8B95A5D59F7D}"
EndProject
Project("{2150E333-8FDC-42A3-9474-1A3956D46DE8}") = "assets", "assets", "{159D8C88-86F4-499E-8840-3365B28D4AA0}"
EndProject
Project("{2150E333-8FDC-42A3-9474-1A3956D46DE8}") = "images", "images", "{7ED22D27-9A70-4987-B900-9494038EFA54}"
	ProjectSection(SolutionItems) = preProject
		Proxy\assets\images\1.png = Proxy\assets\images\1.png
		Proxy\assets\images\10.png = Proxy\assets\images\10.png
		Proxy\assets\images\11.png = Proxy\assets\images\11.png
		Proxy\assets\images\12.png = Proxy\assets\images\12.png
		Proxy\assets\images\13.png = Proxy\assets\images\13.png
		Proxy\assets\images\14.png = Proxy\assets\images\14.png
		Proxy\assets\images\15.png = Proxy\assets\images\15.png
		Proxy\assets\images\16.png = Proxy\assets\images\16.png
		Proxy\assets\images\17.png = Proxy\assets\images\17.png
		Proxy\assets\images\18.png = Proxy\assets\images\18.png
		Proxy\assets\images\19.png = Proxy\assets\images\19.png
		Proxy\assets\images\2.png = Proxy\assets\images\2.png
		Proxy\assets\images\20.png = Proxy\assets\images\20.png
		Proxy\assets\images\21.png = Proxy\assets\images\21.png
		Proxy\assets\images\22.png = Proxy\assets\images\22.png
		Proxy\assets\images\23.png = Proxy\assets\images\23.png
		Proxy\assets\images\24.png = Proxy\assets\images\24.png
		Proxy\assets\images\25.png = Proxy\assets\images\25.png
		Proxy\assets\images\3.png = Proxy\assets\images\3.png
		Proxy\assets\images\4.png = Proxy\assets\images\4.png
		Proxy\assets\images\5.png = Proxy\assets\images\5.png
		Proxy\assets\images\6.png = Proxy\assets\images\6.png
		Proxy\assets\images\7.png = Proxy\assets\images\7.png
		Proxy\assets\images\8.png = Proxy\assets\images\8.png
		Proxy\assets\images\9.png = Proxy\assets\images\9.png
	EndProjectSection
EndProject
Project("{2150E333-8FDC-42A3-9474-1A3956D46DE8}") = "gateway", "gateway", "{FF86AD69-E8E4-46F1-9BAC-220F15D4BF9F}"
EndProject
Project("{2150E333-8FDC-42A3-9474-1A3956D46DE8}") = "nginx", "nginx", "{0A77BB2B-EA66-493C-8374-CF3DCD8150B3}"
EndProject
Project("{2150E333-8FDC-42A3-9474-1A3956D46DE8}") = "conf.d", "conf.d", "{F29E951F-65A3-4D02-A47F-4EB4518EEAC2}"
	ProjectSection(SolutionItems) = preProject
		Proxy\gateway\nginx\conf.d\default.conf = Proxy\gateway\nginx\conf.d\default.conf
	EndProjectSection
EndProject
Project("{2150E333-8FDC-42A3-9474-1A3956D46DE8}") = "Order", "Order", "{B0A7165A-1583-4701-8A5E-FE7B5483ECD5}"
EndProject
Project("{2150E333-8FDC-42A3-9474-1A3956D46DE8}") = "Basket", "Basket", "{628DFCB0-CF22-41EB-80E2-93DB816ABD16}"
EndProject
Project("{9A19103F-16F7-4668-BE54-9A1E7A4F7556}") = "Basket.Host", "Basket\Basket.Host\Basket.Host.csproj", "{56765B3C-B6F2-4740-80FB-C0D684804C9F}"
EndProject
Project("{9A19103F-16F7-4668-BE54-9A1E7A4F7556}") = "Basket.UnitTests", "Basket\Basket.UnitTests\Basket.UnitTests.csproj", "{1584B746-F884-4377-B8A1-B34B79A5FF41}"
EndProject
Project("{9A19103F-16F7-4668-BE54-9A1E7A4F7556}") = "Order.Host", "Order\Order.Host\Order.Host.csproj", "{16A260E5-AD76-4604-9AB1-10C04366AD0D}"
EndProject
Project("{9A19103F-16F7-4668-BE54-9A1E7A4F7556}") = "Order.UnitTests", "Order\Order.UnitTests\Order.UnitTests.csproj", "{AC6C948F-A1A5-4CB3-AC80-742C5898068F}"
EndProject
Project("{54A90642-561A-4BB1-A94E-469ADEE60C69}") = "webapp", "Web\webapp\webapp.esproj", "{56B34477-7196-4D6C-AAB3-C4D0DEF585FA}"
EndProject
Global
	GlobalSection(SolutionConfigurationPlatforms) = preSolution
		Debug|Any CPU = Debug|Any CPU
		Release|Any CPU = Release|Any CPU
	EndGlobalSection
	GlobalSection(ProjectConfigurationPlatforms) = postSolution
		{64E0EBA5-4596-4867-90B8-FCAF9F7DAE78}.Debug|Any CPU.ActiveCfg = Debug|Any CPU
		{64E0EBA5-4596-4867-90B8-FCAF9F7DAE78}.Debug|Any CPU.Build.0 = Debug|Any CPU
		{64E0EBA5-4596-4867-90B8-FCAF9F7DAE78}.Release|Any CPU.ActiveCfg = Release|Any CPU
		{64E0EBA5-4596-4867-90B8-FCAF9F7DAE78}.Release|Any CPU.Build.0 = Release|Any CPU
		{55C73A77-1904-46A3-98B0-3DE57EB940A3}.Debug|Any CPU.ActiveCfg = Debug|Any CPU
		{55C73A77-1904-46A3-98B0-3DE57EB940A3}.Debug|Any CPU.Build.0 = Debug|Any CPU
		{55C73A77-1904-46A3-98B0-3DE57EB940A3}.Release|Any CPU.ActiveCfg = Release|Any CPU
		{55C73A77-1904-46A3-98B0-3DE57EB940A3}.Release|Any CPU.Build.0 = Release|Any CPU
		{81488495-0C14-45ED-BDF5-B4D417110BEE}.Debug|Any CPU.ActiveCfg = Debug|Any CPU
		{81488495-0C14-45ED-BDF5-B4D417110BEE}.Debug|Any CPU.Build.0 = Debug|Any CPU
		{81488495-0C14-45ED-BDF5-B4D417110BEE}.Release|Any CPU.ActiveCfg = Release|Any CPU
		{81488495-0C14-45ED-BDF5-B4D417110BEE}.Release|Any CPU.Build.0 = Release|Any CPU
		{BAE7AECC-CB3B-435B-96A1-A05DCE25E1CA}.Debug|Any CPU.ActiveCfg = Debug|Any CPU
		{BAE7AECC-CB3B-435B-96A1-A05DCE25E1CA}.Debug|Any CPU.Build.0 = Debug|Any CPU
		{BAE7AECC-CB3B-435B-96A1-A05DCE25E1CA}.Release|Any CPU.ActiveCfg = Release|Any CPU
		{BAE7AECC-CB3B-435B-96A1-A05DCE25E1CA}.Release|Any CPU.Build.0 = Release|Any CPU
		{8746764E-AA54-4D06-9156-8B95A5D59F7D}.Debug|Any CPU.ActiveCfg = Debug|Any CPU
		{8746764E-AA54-4D06-9156-8B95A5D59F7D}.Debug|Any CPU.Build.0 = Debug|Any CPU
		{8746764E-AA54-4D06-9156-8B95A5D59F7D}.Release|Any CPU.ActiveCfg = Release|Any CPU
		{8746764E-AA54-4D06-9156-8B95A5D59F7D}.Release|Any CPU.Build.0 = Release|Any CPU
		{56765B3C-B6F2-4740-80FB-C0D684804C9F}.Debug|Any CPU.ActiveCfg = Debug|Any CPU
		{56765B3C-B6F2-4740-80FB-C0D684804C9F}.Debug|Any CPU.Build.0 = Debug|Any CPU
		{56765B3C-B6F2-4740-80FB-C0D684804C9F}.Release|Any CPU.ActiveCfg = Release|Any CPU
		{56765B3C-B6F2-4740-80FB-C0D684804C9F}.Release|Any CPU.Build.0 = Release|Any CPU
		{1584B746-F884-4377-B8A1-B34B79A5FF41}.Debug|Any CPU.ActiveCfg = Debug|Any CPU
		{1584B746-F884-4377-B8A1-B34B79A5FF41}.Debug|Any CPU.Build.0 = Debug|Any CPU
		{1584B746-F884-4377-B8A1-B34B79A5FF41}.Release|Any CPU.ActiveCfg = Release|Any CPU
		{1584B746-F884-4377-B8A1-B34B79A5FF41}.Release|Any CPU.Build.0 = Release|Any CPU
		{16A260E5-AD76-4604-9AB1-10C04366AD0D}.Debug|Any CPU.ActiveCfg = Debug|Any CPU
		{16A260E5-AD76-4604-9AB1-10C04366AD0D}.Debug|Any CPU.Build.0 = Debug|Any CPU
		{16A260E5-AD76-4604-9AB1-10C04366AD0D}.Release|Any CPU.ActiveCfg = Release|Any CPU
		{16A260E5-AD76-4604-9AB1-10C04366AD0D}.Release|Any CPU.Build.0 = Release|Any CPU
		{AC6C948F-A1A5-4CB3-AC80-742C5898068F}.Debug|Any CPU.ActiveCfg = Debug|Any CPU
		{AC6C948F-A1A5-4CB3-AC80-742C5898068F}.Debug|Any CPU.Build.0 = Debug|Any CPU
		{AC6C948F-A1A5-4CB3-AC80-742C5898068F}.Release|Any CPU.ActiveCfg = Release|Any CPU
		{AC6C948F-A1A5-4CB3-AC80-742C5898068F}.Release|Any CPU.Build.0 = Release|Any CPU
		{56B34477-7196-4D6C-AAB3-C4D0DEF585FA}.Debug|Any CPU.ActiveCfg = Debug|Any CPU
		{56B34477-7196-4D6C-AAB3-C4D0DEF585FA}.Debug|Any CPU.Build.0 = Debug|Any CPU
		{56B34477-7196-4D6C-AAB3-C4D0DEF585FA}.Debug|Any CPU.Deploy.0 = Debug|Any CPU
		{56B34477-7196-4D6C-AAB3-C4D0DEF585FA}.Release|Any CPU.ActiveCfg = Release|Any CPU
		{56B34477-7196-4D6C-AAB3-C4D0DEF585FA}.Release|Any CPU.Build.0 = Release|Any CPU
		{56B34477-7196-4D6C-AAB3-C4D0DEF585FA}.Release|Any CPU.Deploy.0 = Release|Any CPU
	EndGlobalSection
	GlobalSection(SolutionProperties) = preSolution
		HideSolutionNode = FALSE
	EndGlobalSection
	GlobalSection(NestedProjects) = preSolution
		{64E0EBA5-4596-4867-90B8-FCAF9F7DAE78} = {BE14B005-9EC8-4B1C-BA33-7DE1094CC9AC}
		{55C73A77-1904-46A3-98B0-3DE57EB940A3} = {4DBE887E-E738-47CA-96B8-6E01D33D5B09}
		{81488495-0C14-45ED-BDF5-B4D417110BEE} = {4DBE887E-E738-47CA-96B8-6E01D33D5B09}
		{BAE7AECC-CB3B-435B-96A1-A05DCE25E1CA} = {BE14B005-9EC8-4B1C-BA33-7DE1094CC9AC}
		{8746764E-AA54-4D06-9156-8B95A5D59F7D} = {7B9F7A53-8AE6-41A3-856B-E54BE12CC0FF}
		{159D8C88-86F4-499E-8840-3365B28D4AA0} = {1B6A9030-3B65-4AF1-8C66-2CD07F75A567}
		{7ED22D27-9A70-4987-B900-9494038EFA54} = {159D8C88-86F4-499E-8840-3365B28D4AA0}
		{FF86AD69-E8E4-46F1-9BAC-220F15D4BF9F} = {1B6A9030-3B65-4AF1-8C66-2CD07F75A567}
		{0A77BB2B-EA66-493C-8374-CF3DCD8150B3} = {FF86AD69-E8E4-46F1-9BAC-220F15D4BF9F}
		{F29E951F-65A3-4D02-A47F-4EB4518EEAC2} = {0A77BB2B-EA66-493C-8374-CF3DCD8150B3}
		{56765B3C-B6F2-4740-80FB-C0D684804C9F} = {628DFCB0-CF22-41EB-80E2-93DB816ABD16}
		{1584B746-F884-4377-B8A1-B34B79A5FF41} = {628DFCB0-CF22-41EB-80E2-93DB816ABD16}
		{16A260E5-AD76-4604-9AB1-10C04366AD0D} = {B0A7165A-1583-4701-8A5E-FE7B5483ECD5}
		{AC6C948F-A1A5-4CB3-AC80-742C5898068F} = {B0A7165A-1583-4701-8A5E-FE7B5483ECD5}
		{56B34477-7196-4D6C-AAB3-C4D0DEF585FA} = {660B4C8F-2C0B-4382-821D-C3D50FA08A15}
	EndGlobalSection
	GlobalSection(ExtensibilityGlobals) = postSolution
		SolutionGuid = {9F0E986C-106F-4C77-9AE3-08CEA938B340}
	EndGlobalSection
EndGlobal
